// !$*UTF8*$!
{
	archiveVersion = 1;
	classes = {
	};
	objectVersion = 50;
	objects = {

/* Begin PBXBuildFile section */
		18026954241D358F00A39FDC /* AppDelegate.swift in Sources */ = {isa = PBXBuildFile; fileRef = 18026953241D358F00A39FDC /* AppDelegate.swift */; };
		18026956241D358F00A39FDC /* SceneDelegate.swift in Sources */ = {isa = PBXBuildFile; fileRef = 18026955241D358F00A39FDC /* SceneDelegate.swift */; };
		18026958241D358F00A39FDC /* FirstViewController.swift in Sources */ = {isa = PBXBuildFile; fileRef = 18026957241D358F00A39FDC /* FirstViewController.swift */; };
		1802695B241D358F00A39FDC /* Main.storyboard in Resources */ = {isa = PBXBuildFile; fileRef = 18026959241D358F00A39FDC /* Main.storyboard */; };
		1802695D241D359100A39FDC /* Assets.xcassets in Resources */ = {isa = PBXBuildFile; fileRef = 1802695C241D359100A39FDC /* Assets.xcassets */; };
		18026960241D359100A39FDC /* LaunchScreen.storyboard in Resources */ = {isa = PBXBuildFile; fileRef = 1802695E241D359100A39FDC /* LaunchScreen.storyboard */; };
		1802696A241D3C0300A39FDC /* music.swift in Sources */ = {isa = PBXBuildFile; fileRef = 18026969241D3C0300A39FDC /* music.swift */; };
		188FDD25241D923E0013B63A /* ThirdViewController.swift in Sources */ = {isa = PBXBuildFile; fileRef = 188FDD24241D923E0013B63A /* ThirdViewController.swift */; };
		18C22667241D4456000C6AB8 /* SongTableViewCell.swift in Sources */ = {isa = PBXBuildFile; fileRef = 18C22666241D4456000C6AB8 /* SongTableViewCell.swift */; };
		18C22669241D4519000C6AB8 /* SecondViewController.swift in Sources */ = {isa = PBXBuildFile; fileRef = 18C22668241D4519000C6AB8 /* SecondViewController.swift */; };
		18C2266B241D4944000C6AB8 /* UIViewController + Helper.swift in Sources */ = {isa = PBXBuildFile; fileRef = 18C2266A241D4944000C6AB8 /* UIViewController + Helper.swift */; };
/* End PBXBuildFile section */

/* Begin PBXFileReference section */
		18026950241D358F00A39FDC /* Home18.app */ = {isa = PBXFileReference; explicitFileType = wrapper.application; includeInIndex = 0; path = Home18.app; sourceTree = BUILT_PRODUCTS_DIR; };
		18026953241D358F00A39FDC /* AppDelegate.swift */ = {isa = PBXFileReference; lastKnownFileType = sourcecode.swift; path = AppDelegate.swift; sourceTree = "<group>"; };
		18026955241D358F00A39FDC /* SceneDelegate.swift */ = {isa = PBXFileReference; lastKnownFileType = sourcecode.swift; path = SceneDelegate.swift; sourceTree = "<group>"; };
		18026957241D358F00A39FDC /* FirstViewController.swift */ = {isa = PBXFileReference; lastKnownFileType = sourcecode.swift; path = FirstViewController.swift; sourceTree = "<group>"; };
		1802695A241D358F00A39FDC /* Base */ = {isa = PBXFileReference; lastKnownFileType = file.storyboard; name = Base; path = Base.lproj/Main.storyboard; sourceTree = "<group>"; };
		1802695C241D359100A39FDC /* Assets.xcassets */ = {isa = PBXFileReference; lastKnownFileType = folder.assetcatalog; path = Assets.xcassets; sourceTree = "<group>"; };
		1802695F241D359100A39FDC /* Base */ = {isa = PBXFileReference; lastKnownFileType = file.storyboard; name = Base; path = Base.lproj/LaunchScreen.storyboard; sourceTree = "<group>"; };
		18026961241D359100A39FDC /* Info.plist */ = {isa = PBXFileReference; lastKnownFileType = text.plist.xml; path = Info.plist; sourceTree = "<group>"; };
		18026969241D3C0300A39FDC /* music.swift */ = {isa = PBXFileReference; lastKnownFileType = sourcecode.swift; path = music.swift; sourceTree = "<group>"; };
		188FDD24241D923E0013B63A /* ThirdViewController.swift */ = {isa = PBXFileReference; lastKnownFileType = sourcecode.swift; path = ThirdViewController.swift; sourceTree = "<group>"; };
		18C22666241D4456000C6AB8 /* SongTableViewCell.swift */ = {isa = PBXFileReference; lastKnownFileType = sourcecode.swift; path = SongTableViewCell.swift; sourceTree = "<group>"; };
		18C22668241D4519000C6AB8 /* SecondViewController.swift */ = {isa = PBXFileReference; lastKnownFileType = sourcecode.swift; path = SecondViewController.swift; sourceTree = "<group>"; };
		18C2266A241D4944000C6AB8 /* UIViewController + Helper.swift */ = {isa = PBXFileReference; fileEncoding = 4; lastKnownFileType = sourcecode.swift; path = "UIViewController + Helper.swift"; sourceTree = "<group>"; };
/* End PBXFileReference section */

/* Begin PBXFrameworksBuildPhase section */
		1802694D241D358F00A39FDC /* Frameworks */ = {
			isa = PBXFrameworksBuildPhase;
			buildActionMask = 2147483647;
			files = (
			);
			runOnlyForDeploymentPostprocessing = 0;
		};
/* End PBXFrameworksBuildPhase section */

/* Begin PBXGroup section */
		18026947241D358F00A39FDC = {
			isa = PBXGroup;
			children = (
				18026952241D358F00A39FDC /* Home18 */,
				18026951241D358F00A39FDC /* Products */,
			);
			sourceTree = "<group>";
		};
		18026951241D358F00A39FDC /* Products */ = {
			isa = PBXGroup;
			children = (
				18026950241D358F00A39FDC /* Home18.app */,
			);
			name = Products;
			sourceTree = "<group>";
		};
		18026952241D358F00A39FDC /* Home18 */ = {
			isa = PBXGroup;
			children = (
				18026953241D358F00A39FDC /* AppDelegate.swift */,
				18026955241D358F00A39FDC /* SceneDelegate.swift */,
				18C2266A241D4944000C6AB8 /* UIViewController + Helper.swift */,
				18026969241D3C0300A39FDC /* music.swift */,
				18C22666241D4456000C6AB8 /* SongTableViewCell.swift */,
				18026957241D358F00A39FDC /* FirstViewController.swift */,
				18C22668241D4519000C6AB8 /* SecondViewController.swift */,
				188FDD24241D923E0013B63A /* ThirdViewController.swift */,
				18026959241D358F00A39FDC /* Main.storyboard */,
				1802695C241D359100A39FDC /* Assets.xcassets */,
				1802695E241D359100A39FDC /* LaunchScreen.storyboard */,
				18026961241D359100A39FDC /* Info.plist */,
			);
			path = Home18;
			sourceTree = "<group>";
		};
/* End PBXGroup section */

/* Begin PBXNativeTarget section */
		1802694F241D358F00A39FDC /* Home18 */ = {
			isa = PBXNativeTarget;
			buildConfigurationList = 18026964241D359100A39FDC /* Build configuration list for PBXNativeTarget "Home18" */;
			buildPhases = (
				1802694C241D358F00A39FDC /* Sources */,
				1802694D241D358F00A39FDC /* Frameworks */,
				1802694E241D358F00A39FDC /* Resources */,
			);
			buildRules = (
			);
			dependencies = (
			);
			name = Home18;
			productName = Home18;
			productReference = 18026950241D358F00A39FDC /* Home18.app */;
			productType = "com.apple.product-type.application";
		};
/* End PBXNativeTarget section */

/* Begin PBXProject section */
		18026948241D358F00A39FDC /* Project object */ = {
			isa = PBXProject;
			attributes = {
				LastSwiftUpdateCheck = 1130;
				LastUpgradeCheck = 1130;
				ORGANIZATIONNAME = David;
				TargetAttributes = {
					1802694F241D358F00A39FDC = {
						CreatedOnToolsVersion = 11.3.1;
					};
				};
			};
			buildConfigurationList = 1802694B241D358F00A39FDC /* Build configuration list for PBXProject "Home18" */;
			compatibilityVersion = "Xcode 9.3";
			developmentRegion = en;
			hasScannedForEncodings = 0;
			knownRegions = (
				en,
				Base,
			);
			mainGroup = 18026947241D358F00A39FDC;
			productRefGroup = 18026951241D358F00A39FDC /* Products */;
			projectDirPath = "";
			projectRoot = "";
			targets = (
				1802694F241D358F00A39FDC /* Home18 */,
			);
		};
/* End PBXProject section */

/* Begin PBXResourcesBuildPhase section */
		1802694E241D358F00A39FDC /* Resources */ = {
			isa = PBXResourcesBuildPhase;
			buildActionMask = 2147483647;
			files = (
				18026960241D359100A39FDC /* LaunchScreen.storyboard in Resources */,
				1802695D241D359100A39FDC /* Assets.xcassets in Resources */,
				1802695B241D358F00A39FDC /* Main.storyboard in Resources */,
			);
			runOnlyForDeploymentPostprocessing = 0;
		};
/* End PBXResourcesBuildPhase section */

/* Begin PBXSourcesBuildPhase section */
		1802694C241D358F00A39FDC /* Sources */ = {
			isa = PBXSourcesBuildPhase;
			buildActionMask = 2147483647;
			files = (
				18C22669241D4519000C6AB8 /* SecondViewController.swift in Sources */,
				18026958241D358F00A39FDC /* FirstViewController.swift in Sources */,
				1802696A241D3C0300A39FDC /* music.swift in Sources */,
				18C2266B241D4944000C6AB8 /* UIViewController + Helper.swift in Sources */,
				18C22667241D4456000C6AB8 /* SongTableViewCell.swift in Sources */,
				18026954241D358F00A39FDC /* AppDelegate.swift in Sources */,
				188FDD25241D923E0013B63A /* ThirdViewController.swift in Sources */,
				18026956241D358F00A39FDC /* SceneDelegate.swift in Sources */,
			);
			runOnlyForDeploymentPostprocessing = 0;
		};
/* End PBXSourcesBuildPhase section */

/* Begin PBXVariantGroup section */
		18026959241D358F00A39FDC /* Main.storyboard */ = {
			isa = PBXVariantGroup;
			children = (
				1802695A241D358F00A39FDC /* Base */,
			);
			name = Main.storyboard;
			sourceTree = "<group>";
		};
		1802695E241D359100A39FDC /* LaunchScreen.storyboard */ = {
			isa = PBXVariantGroup;
			children = (
				1802695F241D359100A39FDC /* Base */,
			);
			name = LaunchScreen.storyboard;
			sourceTree = "<group>";
		};
/* End PBXVariantGroup section */

/* Begin XCBuildConfiguration section */
		18026962241D359100A39FDC /* Debug */ = {
			isa = XCBuildConfiguration;
			buildSettings = {
				ALWAYS_SEARCH_USER_PATHS = NO;
				CLANG_ANALYZER_NONNULL = YES;
				CLANG_ANALYZER_NUMBER_OBJECT_CONVERSION = YES_AGGRESSIVE;
				CLANG_CXX_LANGUAGE_STANDARD = "gnu++14";
				CLANG_CXX_LIBRARY = "libc++";
				CLANG_ENABLE_MODULES = YES;
				CLANG_ENABLE_OBJC_ARC = YES;
				CLANG_ENABLE_OBJC_WEAK = YES;
				CLANG_WARN_BLOCK_CAPTURE_AUTORELEASING = YES;
				CLANG_WARN_BOOL_CONVERSION = YES;
				CLANG_WARN_COMMA = YES;
				CLANG_WARN_CONSTANT_CONVERSION = YES;
				CLANG_WARN_DEPRECATED_OBJC_IMPLEMENTATIONS = YES;
				CLANG_WARN_DIRECT_OBJC_ISA_USAGE = YES_ERROR;
				CLANG_WARN_DOCUMENTATION_COMMENTS = YES;
				CLANG_WARN_EMPTY_BODY = YES;
				CLANG_WARN_ENUM_CONVERSION = YES;
				CLANG_WARN_INFINITE_RECURSION = YES;
				CLANG_WARN_INT_CONVERSION = YES;
				CLANG_WARN_NON_LITERAL_NULL_CONVERSION = YES;
				CLANG_WARN_OBJC_IMPLICIT_RETAIN_SELF = YES;
				CLANG_WARN_OBJC_LITERAL_CONVERSION = YES;
				CLANG_WARN_OBJC_ROOT_CLASS = YES_ERROR;
				CLANG_WARN_RANGE_LOOP_ANALYSIS = YES;
				CLANG_WARN_STRICT_PROTOTYPES = YES;
				CLANG_WARN_SUSPICIOUS_MOVE = YES;
				CLANG_WARN_UNGUARDED_AVAILABILITY = YES_AGGRESSIVE;
				CLANG_WARN_UNREACHABLE_CODE = YES;
				CLANG_WARN__DUPLICATE_METHOD_MATCH = YES;
				COPY_PHASE_STRIP = NO;
				DEBUG_INFORMATION_FORMAT = dwarf;
				ENABLE_STRICT_OBJC_MSGSEND = YES;
				ENABLE_TESTABILITY = YES;
				GCC_C_LANGUAGE_STANDARD = gnu11;
				GCC_DYNAMIC_NO_PIC = NO;
				GCC_NO_COMMON_BLOCKS = YES;
				GCC_OPTIMIZATION_LEVEL = 0;
				GCC_PREPROCESSOR_DEFINITIONS = (
					"DEBUG=1",
					"$(inherited)",
				);
				GCC_WARN_64_TO_32_BIT_CONVERSION = YES;
				GCC_WARN_ABOUT_RETURN_TYPE = YES_ERROR;
				GCC_WARN_UNDECLARED_SELECTOR = YES;
				GCC_WARN_UNINITIALIZED_AUTOS = YES_AGGRESSIVE;
				GCC_WARN_UNUSED_FUNCTION = YES;
				GCC_WARN_UNUSED_VARIABLE = YES;
				IPHONEOS_DEPLOYMENT_TARGET = 13.2;
				MTL_ENABLE_DEBUG_INFO = INCLUDE_SOURCE;
				MTL_FAST_MATH = YES;
				ONLY_ACTIVE_ARCH = YES;
				SDKROOT = iphoneos;
				SWIFT_ACTIVE_COMPILATION_CONDITIONS = DEBUG;
				SWIFT_OPTIMIZATION_LEVEL = "-Onone";
			};
			name = Debug;
		};
		18026963241D359100A39FDC /* Release */ = {
			isa = XCBuildConfiguration;
			buildSettings = {
				ALWAYS_SEARCH_USER_PATHS = NO;
				CLANG_ANALYZER_NONNULL = YES;
				CLANG_ANALYZER_NUMBER_OBJECT_CONVERSION = YES_AGGRESSIVE;
				CLANG_CXX_LANGUAGE_STANDARD = "gnu++14";
				CLANG_CXX_LIBRARY = "libc++";
				CLANG_ENABLE_MODULES = YES;
				CLANG_ENABLE_OBJC_ARC = YES;
				CLANG_ENABLE_OBJC_WEAK = YES;
				CLANG_WARN_BLOCK_CAPTURE_AUTORELEASING = YES;
				CLANG_WARN_BOOL_CONVERSION = YES;
				CLANG_WARN_COMMA = YES;
				CLANG_WARN_CONSTANT_CONVERSION = YES;
				CLANG_WARN_DEPRECATED_OBJC_IMPLEMENTATIONS = YES;
				CLANG_WARN_DIRECT_OBJC_ISA_USAGE = YES_ERROR;
				CLANG_WARN_DOCUMENTATION_COMMENTS = YES;
				CLANG_WARN_EMPTY_BODY = YES;
				CLANG_WARN_ENUM_CONVERSION = YES;
				CLANG_WARN_INFINITE_RECURSION = YES;
				CLANG_WARN_INT_CONVERSION = YES;
				CLANG_WARN_NON_LITERAL_NULL_CONVERSION = YES;
				CLANG_WARN_OBJC_IMPLICIT_RETAIN_SELF = YES;
				CLANG_WARN_OBJC_LITERAL_CONVERSION = YES;
				CLANG_WARN_OBJC_ROOT_CLASS = YES_ERROR;
				CLANG_WARN_RANGE_LOOP_ANALYSIS = YES;
				CLANG_WARN_STRICT_PROTOTYPES = YES;
				CLANG_WARN_SUSPICIOUS_MOVE = YES;
				CLANG_WARN_UNGUARDED_AVAILABILITY = YES_AGGRESSIVE;
				CLANG_WARN_UNREACHABLE_CODE = YES;
				CLANG_WARN__DUPLICATE_METHOD_MATCH = YES;
				COPY_PHASE_STRIP = NO;
				DEBUG_INFORMATION_FORMAT = "dwarf-with-dsym";
				ENABLE_NS_ASSERTIONS = NO;
				ENABLE_STRICT_OBJC_MSGSEND = YES;
				GCC_C_LANGUAGE_STANDARD = gnu11;
				GCC_NO_COMMON_BLOCKS = YES;
				GCC_WARN_64_TO_32_BIT_CONVERSION = YES;
				GCC_WARN_ABOUT_RETURN_TYPE = YES_ERROR;
				GCC_WARN_UNDECLARED_SELECTOR = YES;
				GCC_WARN_UNINITIALIZED_AUTOS = YES_AGGRESSIVE;
				GCC_WARN_UNUSED_FUNCTION = YES;
				GCC_WARN_UNUSED_VARIABLE = YES;
				IPHONEOS_DEPLOYMENT_TARGET = 13.2;
				MTL_ENABLE_DEBUG_INFO = NO;
				MTL_FAST_MATH = YES;
				SDKROOT = iphoneos;
				SWIFT_COMPILATION_MODE = wholemodule;
				SWIFT_OPTIMIZATION_LEVEL = "-O";
				VALIDATE_PRODUCT = YES;
			};
			name = Release;
		};
		18026965241D359100A39FDC /* Debug */ = {
			isa = XCBuildConfiguration;
			buildSettings = {
				ASSETCATALOG_COMPILER_APPICON_NAME = AppIcon;
				CODE_SIGN_STYLE = Automatic;
				DEVELOPMENT_TEAM = 4TVGCW6P42;
				INFOPLIST_FILE = Home18/Info.plist;
				LD_RUNPATH_SEARCH_PATHS = (
					"$(inherited)",
					"@executable_path/Frameworks",
				);
				PRODUCT_BUNDLE_IDENTIFIER = David.Home18;
				PRODUCT_NAME = "$(TARGET_NAME)";
				SWIFT_VERSION = 5.0;
				TARGETED_DEVICE_FAMILY = 1;
			};
			name = Debug;
		};
		18026966241D359100A39FDC /* Release */ = {
			isa = XCBuildConfiguration;
			buildSettings = {
				ASSETCATALOG_COMPILER_APPICON_NAME = AppIcon;
				CODE_SIGN_STYLE = Automatic;
				DEVELOPMENT_TEAM = 4TVGCW6P42;
				INFOPLIST_FILE = Home18/Info.plist;
				LD_RUNPATH_SEARCH_PATHS = (
					"$(inherited)",
					"@executable_path/Frameworks",
				);
				PRODUCT_BUNDLE_IDENTIFIER = David.Home18;
				PRODUCT_NAME = "$(TARGET_NAME)";
				SWIFT_VERSION = 5.0;
				TARGETED_DEVICE_FAMILY = 1;
			};
			name = Release;
		};
/* End XCBuildConfiguration section */

/* Begin XCConfigurationList section */
		1802694B241D358F00A39FDC /* Build configuration list for PBXProject "Home18" */ = {
			isa = XCConfigurationList;
			buildConfigurations = (
				18026962241D359100A39FDC /* Debug */,
				18026963241D359100A39FDC /* Release */,
			);
			defaultConfigurationIsVisible = 0;
			defaultConfigurationName = Release;
		};
		18026964241D359100A39FDC /* Build configuration list for PBXNativeTarget "Home18" */ = {
			isa = XCConfigurationList;
			buildConfigurations = (
				18026965241D359100A39FDC /* Debug */,
				18026966241D359100A39FDC /* Release */,
			);
			defaultConfigurationIsVisible = 0;
			defaultConfigurationName = Release;
		};
/* End XCConfigurationList section */
	};
	rootObject = 18026948241D358F00A39FDC /* Project object */;
}
